
Microsoft Visual Studio Solution File, Format Version 12.00
# Visual Studio Version 16
VisualStudioVersion = 16.0.31025.194
MinimumVisualStudioVersion = 10.0.40219.1
Project("{9A19103F-16F7-4668-BE54-9A1E7A4F7556}") = "AWSLambdaAndDI", "AWSLambdaAndDI\AWSLambdaAndDI.csproj", "{5BAF32A0-60C9-4E5F-8C21-E9327258ECDF}"
EndProject
Project("{FAE04EC0-301F-11D3-BF4B-00C04F79EFBC}") = "TestAWSLambdaAndDI", "TestAWSLambdaAndDI\TestAWSLambdaAndDI.csproj", "{3D0ABE8E-698A-4FE6-B03F-BCB7364DE944}"
EndProject
Global
	GlobalSection(SolutionConfigurationPlatforms) = preSolution
		Debug|Any CPU = Debug|Any CPU
		Release|Any CPU = Release|Any CPU
	EndGlobalSection
	GlobalSection(ProjectConfigurationPlatforms) = postSolution
		{5BAF32A0-60C9-4E5F-8C21-E9327258ECDF}.Debug|Any CPU.ActiveCfg = Debug|Any CPU
		{5BAF32A0-60C9-4E5F-8C21-E9327258ECDF}.Debug|Any CPU.Build.0 = Debug|Any CPU
		{5BAF32A0-60C9-4E5F-8C21-E9327258ECDF}.Release|Any CPU.ActiveCfg = Release|Any CPU
		{5BAF32A0-60C9-4E5F-8C21-E9327258ECDF}.Release|Any CPU.Build.0 = Release|Any CPU
		{3D0ABE8E-698A-4FE6-B03F-BCB7364DE944}.Debug|Any CPU.ActiveCfg = Debug|Any CPU
		{3D0ABE8E-698A-4FE6-B03F-BCB7364DE944}.Debug|Any CPU.Build.0 = Debug|Any CPU
		{3D0ABE8E-698A-4FE6-B03F-BCB7364DE944}.Release|Any CPU.ActiveCfg = Release|Any CPU
		{3D0ABE8E-698A-4FE6-B03F-BCB7364DE944}.Release|Any CPU.Build.0 = Release|Any CPU
	EndGlobalSection
	GlobalSection(SolutionProperties) = preSolution
		HideSolutionNode = FALSE
	EndGlobalSection
	GlobalSection(ExtensibilityGlobals) = postSolution
		SolutionGuid = {53671F3B-3BA6-4993-8463-820CCDC399AD}
	EndGlobalSection
EndGlobal
